
Microsoft Visual Studio Solution File, Format Version 12.00
# Visual Studio Version 16
VisualStudioVersion = 16.0.31313.79
MinimumVisualStudioVersion = 10.0.40219.1
Project("{9A19103F-16F7-4668-BE54-9A1E7A4F7556}") = "csplogger", "src/csplogger.csproj", "{D1875F37-EFA2-4948-A3F4-FFF1C9DCE4DC}"
EndProject
Global
	GlobalSection(SolutionConfigurationPlatforms) = preSolution
		Debug|Any CPU = Debug|Any CPU
		Release|Any CPU = Release|Any CPU
	EndGlobalSection
	GlobalSection(ProjectConfigurationPlatforms) = postSolution
		{D1875F37-EFA2-4948-A3F4-FFF1C9DCE4DC}.Debug|Any CPU.ActiveCfg = Debug|Any CPU
		{D1875F37-EFA2-4948-A3F4-FFF1C9DCE4DC}.Debug|Any CPU.Build.0 = Debug|Any CPU
		{D1875F37-EFA2-4948-A3F4-FFF1C9DCE4DC}.Release|Any CPU.ActiveCfg = Release|Any CPU
		{D1875F37-EFA2-4948-A3F4-FFF1C9DCE4DC}.Release|Any CPU.Build.0 = Release|Any CPU
	EndGlobalSection
	GlobalSection(SolutionProperties) = preSolution
		HideSolutionNode = FALSE
	EndGlobalSection
	GlobalSection(ExtensibilityGlobals) = postSolution
		SolutionGuid = {C366CC9B-D33B-48AF-84A4-F0D2EF580A39}
	EndGlobalSection
EndGlobal
